
Microsoft Visual Studio Solution File, Format Version 12.00
# Visual Studio Version 17
VisualStudioVersion = 17.3.32825.248
MinimumVisualStudioVersion = 10.0.40219.1
Project("{FAE04EC0-301F-11D3-BF4B-00C04F79EFBC}") = "ATMSoftware.API", "ATMSoftware.API\ATMSoftware.API.csproj", "{B005C674-9A6C-4FF1-9E77-6E52BC902BE1}"
EndProject
Global
	GlobalSection(SolutionConfigurationPlatforms) = preSolution
		Debug|Any CPU = Debug|Any CPU
		Release|Any CPU = Release|Any CPU
	EndGlobalSection
	GlobalSection(ProjectConfigurationPlatforms) = postSolution
		{B005C674-9A6C-4FF1-9E77-6E52BC902BE1}.Debug|Any CPU.ActiveCfg = Debug|Any CPU
		{B005C674-9A6C-4FF1-9E77-6E52BC902BE1}.Debug|Any CPU.Build.0 = Debug|Any CPU
		{B005C674-9A6C-4FF1-9E77-6E52BC902BE1}.Release|Any CPU.ActiveCfg = Release|Any CPU
		{B005C674-9A6C-4FF1-9E77-6E52BC902BE1}.Release|Any CPU.Build.0 = Release|Any CPU
	EndGlobalSection
	GlobalSection(SolutionProperties) = preSolution
		HideSolutionNode = FALSE
	EndGlobalSection
	GlobalSection(ExtensibilityGlobals) = postSolution
		SolutionGuid = {1C5DD8FB-6CFE-41ED-A551-022CE121B803}
	EndGlobalSection
EndGlobal
